PODS:
  - RxBluetoothKit (5.2.1):
    - RxSwift (~> 5.0)
  - RxCocoa (5.0.0):
    - RxRelay (~> 5)
    - RxSwift (~> 5)
  - RxCoreLocation (1.4.0):
    - RxCoreLocation/Core (= 1.4.0)
  - RxCoreLocation/Core (1.4.0):
    - RxCocoa (~> 5.0)
    - RxSwift (~> 5.0)
  - RxRelay (5.0.0):
    - RxSwift (~> 5)
  - RxSwift (5.0.0)

DEPENDENCIES:
  - RxBluetoothKit
  - RxCoreLocation

SPEC REPOS:
  https://github.com/cocoapods/specs.git:
    - RxBluetoothKit
    - RxCocoa
    - RxCoreLocation
    - RxRelay
    - RxSwift

SPEC CHECKSUMS:
  RxBluetoothKit: 3a4ca066d4d6e87ec5cf77a81298830a9a833bf1
  RxCocoa: fcf32050ac00d801f34a7f71d5e8e7f23026dcd8
  RxCoreLocation: ac3a3d97dc5f4e779058f43c9327534f1e3fb95a
  RxRelay: 4f7409406a51a55cd88483f21ed898c234d60f18
  RxSwift: 8b0671caa829a763bbce7271095859121cbd895f

PODFILE CHECKSUM: 5784f0fbab2fc1a290e8fac31a228b724da0f974

COCOAPODS: 1.5.3
